
Microsoft Visual Studio Solution File, Format Version 12.00
# Visual Studio 2012
Project("{FAE04EC0-301F-11D3-BF4B-00C04F79EFBC}") = "TADAKOGLUHOMEWORK1", "TADAKOGLUHOMEWORK1\TADAKOGLUHOMEWORK1.csproj", "{A197B4F1-810D-4218-AE5C-DB65CF3B2233}"
EndProject
Global
	GlobalSection(SolutionConfigurationPlatforms) = preSolution
		Debug|Any CPU = Debug|Any CPU
		Release|Any CPU = Release|Any CPU
	EndGlobalSection
	GlobalSection(ProjectConfigurationPlatforms) = postSolution
		{A197B4F1-810D-4218-AE5C-DB65CF3B2233}.Debug|Any CPU.ActiveCfg = Debug|Any CPU
		{A197B4F1-810D-4218-AE5C-DB65CF3B2233}.Debug|Any CPU.Build.0 = Debug|Any CPU
		{A197B4F1-810D-4218-AE5C-DB65CF3B2233}.Release|Any CPU.ActiveCfg = Release|Any CPU
		{A197B4F1-810D-4218-AE5C-DB65CF3B2233}.Release|Any CPU.Build.0 = Release|Any CPU
	EndGlobalSection
	GlobalSection(SolutionProperties) = preSolution
		HideSolutionNode = FALSE
	EndGlobalSection
	GlobalSection(Performance) = preSolution
		HasPerformanceSessions = true
	EndGlobalSection
EndGlobal
